
Microsoft Visual Studio Solution File, Format Version 12.00
# Visual Studio Version 17
VisualStudioVersion = 17.7.34024.191
MinimumVisualStudioVersion = 10.0.40219.1
Project("{9A19103F-16F7-4668-BE54-9A1E7A4F7556}") = "ajg-technical-interview", "ajg-technical-interview\ajg-technical-interview.csproj", "{AC8EC039-D2EB-4DCF-A787-FE72E68A2941}"
EndProject
Project("{9A19103F-16F7-4668-BE54-9A1E7A4F7556}") = "UnitTests", "UnitTests\UnitTests.csproj", "{235FFE53-6AC9-46C9-A7FB-CC52403705A2}"
EndProject
Global
	GlobalSection(SolutionConfigurationPlatforms) = preSolution
		Debug|Any CPU = Debug|Any CPU
		Release|Any CPU = Release|Any CPU
	EndGlobalSection
	GlobalSection(ProjectConfigurationPlatforms) = postSolution
		{AC8EC039-D2EB-4DCF-A787-FE72E68A2941}.Debug|Any CPU.ActiveCfg = Debug|Any CPU
		{AC8EC039-D2EB-4DCF-A787-FE72E68A2941}.Debug|Any CPU.Build.0 = Debug|Any CPU
		{AC8EC039-D2EB-4DCF-A787-FE72E68A2941}.Release|Any CPU.ActiveCfg = Release|Any CPU
		{AC8EC039-D2EB-4DCF-A787-FE72E68A2941}.Release|Any CPU.Build.0 = Release|Any CPU
		{235FFE53-6AC9-46C9-A7FB-CC52403705A2}.Debug|Any CPU.ActiveCfg = Debug|Any CPU
		{235FFE53-6AC9-46C9-A7FB-CC52403705A2}.Debug|Any CPU.Build.0 = Debug|Any CPU
		{235FFE53-6AC9-46C9-A7FB-CC52403705A2}.Release|Any CPU.ActiveCfg = Release|Any CPU
		{235FFE53-6AC9-46C9-A7FB-CC52403705A2}.Release|Any CPU.Build.0 = Release|Any CPU
	EndGlobalSection
	GlobalSection(SolutionProperties) = preSolution
		HideSolutionNode = FALSE
	EndGlobalSection
	GlobalSection(ExtensibilityGlobals) = postSolution
		SolutionGuid = {C581E7EE-F112-4EF4-92B9-6DD5E45E41B5}
	EndGlobalSection
EndGlobal
